// !$*UTF8*$!
{
	archiveVersion = 1;
	classes = {
	};
	objectVersion = 46;
	objects = {

/* Begin PBXBuildFile section */
		260A74D7AFD3D720EB16B438 /* Pods_MYPhotoBrowserDemo.framework in Frameworks */ = {isa = PBXBuildFile; fileRef = EBE9864BDEFD6829D9BB1BCE /* Pods_MYPhotoBrowserDemo.framework */; };
		403F20561E5BD55C00D94993 /* AppDelegate.swift in Sources */ = {isa = PBXBuildFile; fileRef = 403F20551E5BD55C00D94993 /* AppDelegate.swift */; };
		403F205B1E5BD55C00D94993 /* Main.storyboard in Resources */ = {isa = PBXBuildFile; fileRef = 403F20591E5BD55C00D94993 /* Main.storyboard */; };
		403F205D1E5BD55C00D94993 /* Assets.xcassets in Resources */ = {isa = PBXBuildFile; fileRef = 403F205C1E5BD55C00D94993 /* Assets.xcassets */; };
		403F20601E5BD55C00D94993 /* LaunchScreen.storyboard in Resources */ = {isa = PBXBuildFile; fileRef = 403F205E1E5BD55C00D94993 /* LaunchScreen.storyboard */; };
		403F20691E5BD6BE00D94993 /* SDWebImageManagerExtensions.swift in Sources */ = {isa = PBXBuildFile; fileRef = 403F20681E5BD6BE00D94993 /* SDWebImageManagerExtensions.swift */; };
		403F206B1E5BD85B00D94993 /* MYPhotoView.swift in Sources */ = {isa = PBXBuildFile; fileRef = 403F206A1E5BD85B00D94993 /* MYPhotoView.swift */; };
		403F206D1E5BE9D800D94993 /* MYPhoto.swift in Sources */ = {isa = PBXBuildFile; fileRef = 403F206C1E5BE9D800D94993 /* MYPhoto.swift */; };
		403F206F1E5C0C9200D94993 /* MYPhotoBrowser.swift in Sources */ = {isa = PBXBuildFile; fileRef = 403F206E1E5C0C9200D94993 /* MYPhotoBrowser.swift */; };
		403F20711E5C349500D94993 /* CollectionViewController.swift in Sources */ = {isa = PBXBuildFile; fileRef = 403F20701E5C349500D94993 /* CollectionViewController.swift */; };
		4049DFAC1E641F930019E2A5 /* CollectionViewCell.swift in Sources */ = {isa = PBXBuildFile; fileRef = 4049DFAB1E641F930019E2A5 /* CollectionViewCell.swift */; };
/* End PBXBuildFile section */

/* Begin PBXFileReference section */
		403F20521E5BD55C00D94993 /* MYPhotoBrowserDemo.app */ = {isa = PBXFileReference; explicitFileType = wrapper.application; includeInIndex = 0; path = MYPhotoBrowserDemo.app; sourceTree = BUILT_PRODUCTS_DIR; };
		403F20551E5BD55C00D94993 /* AppDelegate.swift */ = {isa = PBXFileReference; lastKnownFileType = sourcecode.swift; path = AppDelegate.swift; sourceTree = "<group>"; };
		403F205A1E5BD55C00D94993 /* Base */ = {isa = PBXFileReference; lastKnownFileType = file.storyboard; name = Base; path = Base.lproj/Main.storyboard; sourceTree = "<group>"; };
		403F205C1E5BD55C00D94993 /* Assets.xcassets */ = {isa = PBXFileReference; lastKnownFileType = folder.assetcatalog; path = Assets.xcassets; sourceTree = "<group>"; };
		403F205F1E5BD55C00D94993 /* Base */ = {isa = PBXFileReference; lastKnownFileType = file.storyboard; name = Base; path = Base.lproj/LaunchScreen.storyboard; sourceTree = "<group>"; };
		403F20611E5BD55C00D94993 /* Info.plist */ = {isa = PBXFileReference; lastKnownFileType = text.plist.xml; path = Info.plist; sourceTree = "<group>"; };
		403F20681E5BD6BE00D94993 /* SDWebImageManagerExtensions.swift */ = {isa = PBXFileReference; fileEncoding = 4; lastKnownFileType = sourcecode.swift; path = SDWebImageManagerExtensions.swift; sourceTree = "<group>"; };
		403F206A1E5BD85B00D94993 /* MYPhotoView.swift */ = {isa = PBXFileReference; fileEncoding = 4; lastKnownFileType = sourcecode.swift; path = MYPhotoView.swift; sourceTree = "<group>"; };
		403F206C1E5BE9D800D94993 /* MYPhoto.swift */ = {isa = PBXFileReference; fileEncoding = 4; lastKnownFileType = sourcecode.swift; path = MYPhoto.swift; sourceTree = "<group>"; };
		403F206E1E5C0C9200D94993 /* MYPhotoBrowser.swift */ = {isa = PBXFileReference; fileEncoding = 4; lastKnownFileType = sourcecode.swift; path = MYPhotoBrowser.swift; sourceTree = "<group>"; };
		403F20701E5C349500D94993 /* CollectionViewController.swift */ = {isa = PBXFileReference; fileEncoding = 4; lastKnownFileType = sourcecode.swift; path = CollectionViewController.swift; sourceTree = "<group>"; };
		4049DFAB1E641F930019E2A5 /* CollectionViewCell.swift */ = {isa = PBXFileReference; fileEncoding = 4; lastKnownFileType = sourcecode.swift; path = CollectionViewCell.swift; sourceTree = "<group>"; };
		868D377D882434E4186C14D3 /* Pods-MYPhotoBrowserDemo.debug.xcconfig */ = {isa = PBXFileReference; includeInIndex = 1; lastKnownFileType = text.xcconfig; name = "Pods-MYPhotoBrowserDemo.debug.xcconfig"; path = "Pods/Target Support Files/Pods-MYPhotoBrowserDemo/Pods-MYPhotoBrowserDemo.debug.xcconfig"; sourceTree = "<group>"; };
		B6ABF4E5FECF6D90B5476951 /* Pods-MYPhotoBrowserDemo.release.xcconfig */ = {isa = PBXFileReference; includeInIndex = 1; lastKnownFileType = text.xcconfig; name = "Pods-MYPhotoBrowserDemo.release.xcconfig"; path = "Pods/Target Support Files/Pods-MYPhotoBrowserDemo/Pods-MYPhotoBrowserDemo.release.xcconfig"; sourceTree = "<group>"; };
		EBE9864BDEFD6829D9BB1BCE /* Pods_MYPhotoBrowserDemo.framework */ = {isa = PBXFileReference; explicitFileType = wrapper.framework; includeInIndex = 0; path = Pods_MYPhotoBrowserDemo.framework; sourceTree = BUILT_PRODUCTS_DIR; };
/* End PBXFileReference section */

/* Begin PBXFrameworksBuildPhase section */
		403F204F1E5BD55C00D94993 /* Frameworks */ = {
			isa = PBXFrameworksBuildPhase;
			buildActionMask = 2147483647;
			files = (
				260A74D7AFD3D720EB16B438 /* Pods_MYPhotoBrowserDemo.framework in Frameworks */,
			);
			runOnlyForDeploymentPostprocessing = 0;
		};
/* End PBXFrameworksBuildPhase section */

/* Begin PBXGroup section */
		403F20491E5BD55C00D94993 = {
			isa = PBXGroup;
			children = (
				403F20541E5BD55C00D94993 /* MYPhotoBrowserDemo */,
				403F20531E5BD55C00D94993 /* Products */,
				69A8F4C4630ABA9449834834 /* Pods */,
				4FB9D0849328FAC3CD72CC64 /* Frameworks */,
			);
			sourceTree = "<group>";
		};
		403F20531E5BD55C00D94993 /* Products */ = {
			isa = PBXGroup;
			children = (
				403F20521E5BD55C00D94993 /* MYPhotoBrowserDemo.app */,
			);
			name = Products;
			sourceTree = "<group>";
		};
		403F20541E5BD55C00D94993 /* MYPhotoBrowserDemo */ = {
			isa = PBXGroup;
			children = (
				403F20551E5BD55C00D94993 /* AppDelegate.swift */,
				403F20591E5BD55C00D94993 /* Main.storyboard */,
				403F205C1E5BD55C00D94993 /* Assets.xcassets */,
				403F205E1E5BD55C00D94993 /* LaunchScreen.storyboard */,
				403F20611E5BD55C00D94993 /* Info.plist */,
				403F20701E5C349500D94993 /* CollectionViewController.swift */,
				4049DFAB1E641F930019E2A5 /* CollectionViewCell.swift */,
				403F20671E5BD68800D94993 /* MYPhotoBrowser */,
			);
			path = MYPhotoBrowserDemo;
			sourceTree = "<group>";
		};
		403F20671E5BD68800D94993 /* MYPhotoBrowser */ = {
			isa = PBXGroup;
			children = (
				403F20681E5BD6BE00D94993 /* SDWebImageManagerExtensions.swift */,
				403F206E1E5C0C9200D94993 /* MYPhotoBrowser.swift */,
				403F206A1E5BD85B00D94993 /* MYPhotoView.swift */,
				403F206C1E5BE9D800D94993 /* MYPhoto.swift */,
			);
			path = MYPhotoBrowser;
			sourceTree = "<group>";
		};
		4FB9D0849328FAC3CD72CC64 /* Frameworks */ = {
			isa = PBXGroup;
			children = (
				EBE9864BDEFD6829D9BB1BCE /* Pods_MYPhotoBrowserDemo.framework */,
			);
			name = Frameworks;
			sourceTree = "<group>";
		};
		69A8F4C4630ABA9449834834 /* Pods */ = {
			isa = PBXGroup;
			children = (
				868D377D882434E4186C14D3 /* Pods-MYPhotoBrowserDemo.debug.xcconfig */,
				B6ABF4E5FECF6D90B5476951 /* Pods-MYPhotoBrowserDemo.release.xcconfig */,
			);
			name = Pods;
			sourceTree = "<group>";
		};
/* End PBXGroup section */

/* Begin PBXNativeTarget section */
		403F20511E5BD55C00D94993 /* MYPhotoBrowserDemo */ = {
			isa = PBXNativeTarget;
			buildConfigurationList = 403F20641E5BD55C00D94993 /* Build configuration list for PBXNativeTarget "MYPhotoBrowserDemo" */;
			buildPhases = (
				D16BEEEFD8DA29BE0A2C1154 /* [CP] Check Pods Manifest.lock */,
				403F204E1E5BD55C00D94993 /* Sources */,
				403F204F1E5BD55C00D94993 /* Frameworks */,
				403F20501E5BD55C00D94993 /* Resources */,
				8EC0A1F9BC903B3ED48BF22F /* [CP] Embed Pods Frameworks */,
				E02D14880D70793910467D6E /* [CP] Copy Pods Resources */,
			);
			buildRules = (
			);
			dependencies = (
			);
			name = MYPhotoBrowserDemo;
			productName = MYPhotoBrowserDemo;
			productReference = 403F20521E5BD55C00D94993 /* MYPhotoBrowserDemo.app */;
			productType = "com.apple.product-type.application";
		};
/* End PBXNativeTarget section */

/* Begin PBXProject section */
		403F204A1E5BD55C00D94993 /* Project object */ = {
			isa = PBXProject;
			attributes = {
				LastSwiftUpdateCheck = 0820;
				LastUpgradeCheck = 0820;
				ORGANIZATIONNAME = "朱益锋";
				TargetAttributes = {
					403F20511E5BD55C00D94993 = {
						CreatedOnToolsVersion = 8.2.1;
						DevelopmentTeam = 6PV3E3Y4LF;
						ProvisioningStyle = Automatic;
					};
				};
			};
			buildConfigurationList = 403F204D1E5BD55C00D94993 /* Build configuration list for PBXProject "MYPhotoBrowserDemo" */;
			compatibilityVersion = "Xcode 3.2";
			developmentRegion = English;
			hasScannedForEncodings = 0;
			knownRegions = (
				en,
				Base,
			);
			mainGroup = 403F20491E5BD55C00D94993;
			productRefGroup = 403F20531E5BD55C00D94993 /* Products */;
			projectDirPath = "";
			projectRoot = "";
			targets = (
				403F20511E5BD55C00D94993 /* MYPhotoBrowserDemo */,
			);
		};
/* End PBXProject section */

/* Begin PBXResourcesBuildPhase section */
		403F20501E5BD55C00D94993 /* Resources */ = {
			isa = PBXResourcesBuildPhase;
			buildActionMask = 2147483647;
			files = (
				403F20601E5BD55C00D94993 /* LaunchScreen.storyboard in Resources */,
				403F205D1E5BD55C00D94993 /* Assets.xcassets in Resources */,
				403F205B1E5BD55C00D94993 /* Main.storyboard in Resources */,
			);
			runOnlyForDeploymentPostprocessing = 0;
		};
/* End PBXResourcesBuildPhase section */

/* Begin PBXShellScriptBuildPhase section */
		8EC0A1F9BC903B3ED48BF22F /* [CP] Embed Pods Frameworks */ = {
			isa = PBXShellScriptBuildPhase;
			buildActionMask = 2147483647;
			files = (
			);
			inputPaths = (
			);
			name = "[CP] Embed Pods Frameworks";
			outputPaths = (
			);
			runOnlyForDeploymentPostprocessing = 0;
			shellPath = /bin/sh;
			shellScript = "\"${SRCROOT}/Pods/Target Support Files/Pods-MYPhotoBrowserDemo/Pods-MYPhotoBrowserDemo-frameworks.sh\"\n";
			showEnvVarsInLog = 0;
		};
		D16BEEEFD8DA29BE0A2C1154 /* [CP] Check Pods Manifest.lock */ = {
			isa = PBXShellScriptBuildPhase;
			buildActionMask = 2147483647;
			files = (
			);
			inputPaths = (
			);
			name = "[CP] Check Pods Manifest.lock";
			outputPaths = (
			);
			runOnlyForDeploymentPostprocessing = 0;
			shellPath = /bin/sh;
			shellScript = "diff \"${PODS_ROOT}/../Podfile.lock\" \"${PODS_ROOT}/Manifest.lock\" > /dev/null\nif [ $? != 0 ] ; then\n    # print error to STDERR\n    echo \"error: The sandbox is not in sync with the Podfile.lock. Run 'pod install' or update your CocoaPods installation.\" >&2\n    exit 1\nfi\n";
			showEnvVarsInLog = 0;
		};
		E02D14880D70793910467D6E /* [CP] Copy Pods Resources */ = {
			isa = PBXShellScriptBuildPhase;
			buildActionMask = 2147483647;
			files = (
			);
			inputPaths = (
			);
			name = "[CP] Copy Pods Resources";
			outputPaths = (
			);
			runOnlyForDeploymentPostprocessing = 0;
			shellPath = /bin/sh;
			shellScript = "\"${SRCROOT}/Pods/Target Support Files/Pods-MYPhotoBrowserDemo/Pods-MYPhotoBrowserDemo-resources.sh\"\n";
			showEnvVarsInLog = 0;
		};
/* End PBXShellScriptBuildPhase section */

/* Begin PBXSourcesBuildPhase section */
		403F204E1E5BD55C00D94993 /* Sources */ = {
			isa = PBXSourcesBuildPhase;
			buildActionMask = 2147483647;
			files = (
				403F20711E5C349500D94993 /* CollectionViewController.swift in Sources */,
				403F206D1E5BE9D800D94993 /* MYPhoto.swift in Sources */,
				403F20691E5BD6BE00D94993 /* SDWebImageManagerExtensions.swift in Sources */,
				4049DFAC1E641F930019E2A5 /* CollectionViewCell.swift in Sources */,
				403F206F1E5C0C9200D94993 /* MYPhotoBrowser.swift in Sources */,
				403F20561E5BD55C00D94993 /* AppDelegate.swift in Sources */,
				403F206B1E5BD85B00D94993 /* MYPhotoView.swift in Sources */,
			);
			runOnlyForDeploymentPostprocessing = 0;
		};
/* End PBXSourcesBuildPhase section */

/* Begin PBXVariantGroup section */
		403F20591E5BD55C00D94993 /* Main.storyboard */ = {
			isa = PBXVariantGroup;
			children = (
				403F205A1E5BD55C00D94993 /* Base */,
			);
			name = Main.storyboard;
			sourceTree = "<group>";
		};
		403F205E1E5BD55C00D94993 /* LaunchScreen.storyboard */ = {
			isa = PBXVariantGroup;
			children = (
				403F205F1E5BD55C00D94993 /* Base */,
			);
			name = LaunchScreen.storyboard;
			sourceTree = "<group>";
		};
/* End PBXVariantGroup section */

/* Begin XCBuildConfiguration section */
		403F20621E5BD55C00D94993 /* Debug */ = {
			isa = XCBuildConfiguration;
			buildSettings = {
				ALWAYS_SEARCH_USER_PATHS = NO;
				CLANG_ANALYZER_NONNULL = YES;
				CLANG_CXX_LANGUAGE_STANDARD = "gnu++0x";
				CLANG_CXX_LIBRARY = "libc++";
				CLANG_ENABLE_MODULES = YES;
				CLANG_ENABLE_OBJC_ARC = YES;
				CLANG_WARN_BOOL_CONVERSION = YES;
				CLANG_WARN_CONSTANT_CONVERSION = YES;
				CLANG_WARN_DIRECT_OBJC_ISA_USAGE = YES_ERROR;
				CLANG_WARN_DOCUMENTATION_COMMENTS = YES;
				CLANG_WARN_EMPTY_BODY = YES;
				CLANG_WARN_ENUM_CONVERSION = YES;
				CLANG_WARN_INFINITE_RECURSION = YES;
				CLANG_WARN_INT_CONVERSION = YES;
				CLANG_WARN_OBJC_ROOT_CLASS = YES_ERROR;
				CLANG_WARN_SUSPICIOUS_MOVE = YES;
				CLANG_WARN_UNREACHABLE_CODE = YES;
				CLANG_WARN__DUPLICATE_METHOD_MATCH = YES;
				"CODE_SIGN_IDENTITY[sdk=iphoneos*]" = "iPhone Developer";
				COPY_PHASE_STRIP = NO;
				DEBUG_INFORMATION_FORMAT = dwarf;
				ENABLE_STRICT_OBJC_MSGSEND = YES;
				ENABLE_TESTABILITY = YES;
				GCC_C_LANGUAGE_STANDARD = gnu99;
				GCC_DYNAMIC_NO_PIC = NO;
				GCC_NO_COMMON_BLOCKS = YES;
				GCC_OPTIMIZATION_LEVEL = 0;
				GCC_PREPROCESSOR_DEFINITIONS = (
					"DEBUG=1",
					"$(inherited)",
				);
				GCC_WARN_64_TO_32_BIT_CONVERSION = YES;
				GCC_WARN_ABOUT_RETURN_TYPE = YES_ERROR;
				GCC_WARN_UNDECLARED_SELECTOR = YES;
				GCC_WARN_UNINITIALIZED_AUTOS = YES_AGGRESSIVE;
				GCC_WARN_UNUSED_FUNCTION = YES;
				GCC_WARN_UNUSED_VARIABLE = YES;
				IPHONEOS_DEPLOYMENT_TARGET = 10.2;
				MTL_ENABLE_DEBUG_INFO = YES;
				ONLY_ACTIVE_ARCH = YES;
				SDKROOT = iphoneos;
				SWIFT_ACTIVE_COMPILATION_CONDITIONS = DEBUG;
				SWIFT_OPTIMIZATION_LEVEL = "-Onone";
			};
			name = Debug;
		};
		403F20631E5BD55C00D94993 /* Release */ = {
			isa = XCBuildConfiguration;
			buildSettings = {
				ALWAYS_SEARCH_USER_PATHS = NO;
				CLANG_ANALYZER_NONNULL = YES;
				CLANG_CXX_LANGUAGE_STANDARD = "gnu++0x";
				CLANG_CXX_LIBRARY = "libc++";
				CLANG_ENABLE_MODULES = YES;
				CLANG_ENABLE_OBJC_ARC = YES;
				CLANG_WARN_BOOL_CONVERSION = YES;
				CLANG_WARN_CONSTANT_CONVERSION = YES;
				CLANG_WARN_DIRECT_OBJC_ISA_USAGE = YES_ERROR;
				CLANG_WARN_DOCUMENTATION_COMMENTS = YES;
				CLANG_WARN_EMPTY_BODY = YES;
				CLANG_WARN_ENUM_CONVERSION = YES;
				CLANG_WARN_INFINITE_RECURSION = YES;
				CLANG_WARN_INT_CONVERSION = YES;
				CLANG_WARN_OBJC_ROOT_CLASS = YES_ERROR;
				CLANG_WARN_SUSPICIOUS_MOVE = YES;
				CLANG_WARN_UNREACHABLE_CODE = YES;
				CLANG_WARN__DUPLICATE_METHOD_MATCH = YES;
				"CODE_SIGN_IDENTITY[sdk=iphoneos*]" = "iPhone Developer";
				COPY_PHASE_STRIP = NO;
				DEBUG_INFORMATION_FORMAT = "dwarf-with-dsym";
				ENABLE_NS_ASSERTIONS = NO;
				ENABLE_STRICT_OBJC_MSGSEND = YES;
				GCC_C_LANGUAGE_STANDARD = gnu99;
				GCC_NO_COMMON_BLOCKS = YES;
				GCC_WARN_64_TO_32_BIT_CONVERSION = YES;
				GCC_WARN_ABOUT_RETURN_TYPE = YES_ERROR;
				GCC_WARN_UNDECLARED_SELECTOR = YES;
				GCC_WARN_UNINITIALIZED_AUTOS = YES_AGGRESSIVE;
				GCC_WARN_UNUSED_FUNCTION = YES;
				GCC_WARN_UNUSED_VARIABLE = YES;
				IPHONEOS_DEPLOYMENT_TARGET = 10.2;
				MTL_ENABLE_DEBUG_INFO = NO;
				SDKROOT = iphoneos;
				SWIFT_OPTIMIZATION_LEVEL = "-Owholemodule";
				VALIDATE_PRODUCT = YES;
			};
			name = Release;
		};
		403F20651E5BD55C00D94993 /* Debug */ = {
			isa = XCBuildConfiguration;
			baseConfigurationReference = 868D377D882434E4186C14D3 /* Pods-MYPhotoBrowserDemo.debug.xcconfig */;
			buildSettings = {
				ASSETCATALOG_COMPILER_APPICON_NAME = AppIcon;
				DEVELOPMENT_TEAM = 6PV3E3Y4LF;
				INFOPLIST_FILE = MYPhotoBrowserDemo/Info.plist;
				IPHONEOS_DEPLOYMENT_TARGET = 8.0;
				LD_RUNPATH_SEARCH_PATHS = "$(inherited) @executable_path/Frameworks";
				PRODUCT_BUNDLE_IDENTIFIER = ZhuYiFeng.MYPhotoBrowserDemo;
				PRODUCT_NAME = "$(TARGET_NAME)";
				SWIFT_VERSION = 3.0;
			};
			name = Debug;
		};
		403F20661E5BD55C00D94993 /* Release */ = {
			isa = XCBuildConfiguration;
			baseConfigurationReference = B6ABF4E5FECF6D90B5476951 /* Pods-MYPhotoBrowserDemo.release.xcconfig */;
			buildSettings = {
				ASSETCATALOG_COMPILER_APPICON_NAME = AppIcon;
				DEVELOPMENT_TEAM = 6PV3E3Y4LF;
				INFOPLIST_FILE = MYPhotoBrowserDemo/Info.plist;
				IPHONEOS_DEPLOYMENT_TARGET = 8.0;
				LD_RUNPATH_SEARCH_PATHS = "$(inherited) @executable_path/Frameworks";
				PRODUCT_BUNDLE_IDENTIFIER = ZhuYiFeng.MYPhotoBrowserDemo;
				PRODUCT_NAME = "$(TARGET_NAME)";
				SWIFT_VERSION = 3.0;
			};
			name = Release;
		};
/* End XCBuildConfiguration section */

/* Begin XCConfigurationList section */
		403F204D1E5BD55C00D94993 /* Build configuration list for PBXProject "MYPhotoBrowserDemo" */ = {
			isa = XCConfigurationList;
			buildConfigurations = (
				403F20621E5BD55C00D94993 /* Debug */,
				403F20631E5BD55C00D94993 /* Release */,
			);
			defaultConfigurationIsVisible = 0;
			defaultConfigurationName = Release;
		};
		403F20641E5BD55C00D94993 /* Build configuration list for PBXNativeTarget "MYPhotoBrowserDemo" */ = {
			isa = XCConfigurationList;
			buildConfigurations = (
				403F20651E5BD55C00D94993 /* Debug */,
				403F20661E5BD55C00D94993 /* Release */,
			);
			defaultConfigurationIsVisible = 0;
			defaultConfigurationName = Release;
		};
/* End XCConfigurationList section */
	};
	rootObject = 403F204A1E5BD55C00D94993 /* Project object */;
}
